<?xml version="1.0" encoding="utf-8"?>
<Project ToolsVersion="4.0" xmlns="http://schemas.microsoft.com/developer/msbuild/2003">
  <ItemGroup>
    <ClInclude Include="vk_instance.h" />
    <ClInclude Include="vk_device.h" />
    <ClInclude Include="vk_swapchain.h" />
    <ClInclude Include="vk_shader.h" />
    <ClInclude Include="vk_surface.h" />
    <ClInclude Include="vk_command_pool.h" />
    <ClInclude Include="vk_command_buffer.h" />
    <ClInclude Include="vk_memory_allocator.h" />
    <ClInclude Include="vk_buffer.h" />
    <ClInclude Include="vk_image.h" />
    <ClInclude Include="vk_image_view.h" />
    <ClInclude Include="common.h" />
    <ClInclude Include="vk_semaphore.h" />
    <ClInclude Include="vk_fence.h" />
    <ClInclude Include="vk_descriptor_pool.h" />
    <ClInclude Include="vk_descriptor_set.h" />
    <ClInclude Include="vk_physical_device.h" />
    <ClInclude Include="vk_frame_buffer.h" />
    <ClInclude Include="vk_queue.h" />
    <ClInclude Include="vk_core.h" />
    <ClInclude Include="utils.h" />
    <ClInclude Include="query.h" />
  </ItemGroup>
  <ItemGroup>
    <ClCompile Include="vk_instance.cpp" />
    <ClCompile Include="vk_device.cpp" />
    <ClCompile Include="vk_swapchain.cpp" />
    <ClCompile Include="vk_shader.cpp" />
    <ClCompile Include="vk_surface.cpp" />
    <ClCompile Include="vk_command_pool.cpp" />
    <ClCompile Include="vk_command_buffer.cpp" />
    <ClCompile Include="vk_memory_allocator.cpp" />
    <ClCompile Include="vk_buffer.cpp" />
    <ClCompile Include="vk_image.cpp" />
    <ClCompile Include="vk_image_view.cpp" />
    <ClCompile Include="vk_semaphore.cpp" />
    <ClCompile Include="vk_fence.cpp" />
    <ClCompile Include="vk_descriptor_pool.cpp" />
    <ClCompile Include="vk_descriptor_set.cpp" />
    <ClCompile Include="vk_physical_device.cpp" />
    <ClCompile Include="vk_frame_buffer.cpp" />
    <ClCompile Include="vk_queue.cpp" />
    <ClCompile Include="query.cpp" />
    <ClCompile Include="utils.cpp" />
  </ItemGroup>
</Project>