<?xml version="1.0" encoding="utf-8"?>
<Project ToolsVersion="4.0" xmlns="http://schemas.microsoft.com/developer/msbuild/2003">
  <ItemGroup>
    <ClCompile Include="main.cpp" />
    <ClCompile Include="app.cpp" />
    <ClCompile Include="pch.cpp" />
    <ClCompile Include="utils.cpp" />
    <ClCompile Include="mesh.cpp" />
    <ClCompile Include="model.cpp" />
    <ClCompile Include="gui.cpp" />
  </ItemGroup>
  <ItemGroup>
    <ClInclude Include="app.h" />
    <ClInclude Include="pch.h" />
    <ClInclude Include="utils.h" />
    <ClInclude Include="mesh.h" />
    <ClInclude Include="model.h" />
    <ClInclude Include="gui.h" />
  </ItemGroup>
  <ItemGroup>
    <Filter Include="shaders">
      <UniqueIdentifier>{6da7a6a7-0f88-4125-8aaf-8c725ec45ad3}</UniqueIdentifier>
    </Filter>
  </ItemGroup>
  <ItemGroup>
    <None Include="..\compile.bat" />
    <None Include="shaders\simple.frag">
      <Filter>shaders</Filter>
    </None>
    <None Include="shaders\simple.vert">
      <Filter>shaders</Filter>
    </None>
  </ItemGroup>
</Project>